
Microsoft Visual Studio Solution File, Format Version 12.00
# Visual Studio 14
VisualStudioVersion = 14.0.23107.0
MinimumVisualStudioVersion = 10.0.40219.1
Project("{FAE04EC0-301F-11D3-BF4B-00C04F79EFBC}") = "MVC-8", "MVC-8\MVC-8.csproj", "{CEC639A6-F409-4DBE-A34D-02D8360BFF2A}"
EndProject
Project("{FAE04EC0-301F-11D3-BF4B-00C04F79EFBC}") = "DAO", "DAO\DAO.csproj", "{717C89F3-46A6-4BBC-B40D-89598BB15B32}"
EndProject
Project("{FAE04EC0-301F-11D3-BF4B-00C04F79EFBC}") = "Model", "Model\Model.csproj", "{985DD896-F182-4805-BA3C-752AAE903640}"
EndProject
Project("{FAE04EC0-301F-11D3-BF4B-00C04F79EFBC}") = "IDAO", "IDAO\IDAO.csproj", "{10A663CB-4A7A-4F34-BD96-FBD46F40EFC4}"
EndProject
Project("{FAE04EC0-301F-11D3-BF4B-00C04F79EFBC}") = "ioc", "ioc\ioc.csproj", "{9C85B890-AA11-442F-A9AE-C0A9CCCA8672}"
EndProject
Project("{FAE04EC0-301F-11D3-BF4B-00C04F79EFBC}") = "UI", "UI\UI.csproj", "{3C98D350-9393-4570-9A5D-EC6AFE8829EE}"
EndProject
Project("{FAE04EC0-301F-11D3-BF4B-00C04F79EFBC}") = "IBLL", "IBLL\IBLL.csproj", "{BAB6D2B5-18CB-4F7A-9B16-659FE2AFDE63}"
EndProject
Project("{FAE04EC0-301F-11D3-BF4B-00C04F79EFBC}") = "BLL", "BLL\BLL.csproj", "{6C25139C-7E70-45E1-B96F-7FF39F0EB203}"
EndProject
Project("{FAE04EC0-301F-11D3-BF4B-00C04F79EFBC}") = "Log4", "Log4\Log4.csproj", "{BAB3D3F8-6B08-4E9A-91E2-6CD7EDCA5DFA}"
EndProject
Global
	GlobalSection(SolutionConfigurationPlatforms) = preSolution
		Debug|Any CPU = Debug|Any CPU
		Release|Any CPU = Release|Any CPU
	EndGlobalSection
	GlobalSection(ProjectConfigurationPlatforms) = postSolution
		{CEC639A6-F409-4DBE-A34D-02D8360BFF2A}.Debug|Any CPU.ActiveCfg = Debug|Any CPU
		{CEC639A6-F409-4DBE-A34D-02D8360BFF2A}.Debug|Any CPU.Build.0 = Debug|Any CPU
		{CEC639A6-F409-4DBE-A34D-02D8360BFF2A}.Release|Any CPU.ActiveCfg = Release|Any CPU
		{CEC639A6-F409-4DBE-A34D-02D8360BFF2A}.Release|Any CPU.Build.0 = Release|Any CPU
		{717C89F3-46A6-4BBC-B40D-89598BB15B32}.Debug|Any CPU.ActiveCfg = Debug|Any CPU
		{717C89F3-46A6-4BBC-B40D-89598BB15B32}.Debug|Any CPU.Build.0 = Debug|Any CPU
		{717C89F3-46A6-4BBC-B40D-89598BB15B32}.Release|Any CPU.ActiveCfg = Release|Any CPU
		{717C89F3-46A6-4BBC-B40D-89598BB15B32}.Release|Any CPU.Build.0 = Release|Any CPU
		{985DD896-F182-4805-BA3C-752AAE903640}.Debug|Any CPU.ActiveCfg = Debug|Any CPU
		{985DD896-F182-4805-BA3C-752AAE903640}.Debug|Any CPU.Build.0 = Debug|Any CPU
		{985DD896-F182-4805-BA3C-752AAE903640}.Release|Any CPU.ActiveCfg = Release|Any CPU
		{985DD896-F182-4805-BA3C-752AAE903640}.Release|Any CPU.Build.0 = Release|Any CPU
		{10A663CB-4A7A-4F34-BD96-FBD46F40EFC4}.Debug|Any CPU.ActiveCfg = Debug|Any CPU
		{10A663CB-4A7A-4F34-BD96-FBD46F40EFC4}.Debug|Any CPU.Build.0 = Debug|Any CPU
		{10A663CB-4A7A-4F34-BD96-FBD46F40EFC4}.Release|Any CPU.ActiveCfg = Release|Any CPU
		{10A663CB-4A7A-4F34-BD96-FBD46F40EFC4}.Release|Any CPU.Build.0 = Release|Any CPU
		{9C85B890-AA11-442F-A9AE-C0A9CCCA8672}.Debug|Any CPU.ActiveCfg = Debug|Any CPU
		{9C85B890-AA11-442F-A9AE-C0A9CCCA8672}.Debug|Any CPU.Build.0 = Debug|Any CPU
		{9C85B890-AA11-442F-A9AE-C0A9CCCA8672}.Release|Any CPU.ActiveCfg = Release|Any CPU
		{9C85B890-AA11-442F-A9AE-C0A9CCCA8672}.Release|Any CPU.Build.0 = Release|Any CPU
		{3C98D350-9393-4570-9A5D-EC6AFE8829EE}.Debug|Any CPU.ActiveCfg = Debug|Any CPU
		{3C98D350-9393-4570-9A5D-EC6AFE8829EE}.Debug|Any CPU.Build.0 = Debug|Any CPU
		{3C98D350-9393-4570-9A5D-EC6AFE8829EE}.Release|Any CPU.ActiveCfg = Release|Any CPU
		{3C98D350-9393-4570-9A5D-EC6AFE8829EE}.Release|Any CPU.Build.0 = Release|Any CPU
		{BAB6D2B5-18CB-4F7A-9B16-659FE2AFDE63}.Debug|Any CPU.ActiveCfg = Debug|Any CPU
		{BAB6D2B5-18CB-4F7A-9B16-659FE2AFDE63}.Debug|Any CPU.Build.0 = Debug|Any CPU
		{BAB6D2B5-18CB-4F7A-9B16-659FE2AFDE63}.Release|Any CPU.ActiveCfg = Release|Any CPU
		{BAB6D2B5-18CB-4F7A-9B16-659FE2AFDE63}.Release|Any CPU.Build.0 = Release|Any CPU
		{6C25139C-7E70-45E1-B96F-7FF39F0EB203}.Debug|Any CPU.ActiveCfg = Debug|Any CPU
		{6C25139C-7E70-45E1-B96F-7FF39F0EB203}.Debug|Any CPU.Build.0 = Debug|Any CPU
		{6C25139C-7E70-45E1-B96F-7FF39F0EB203}.Release|Any CPU.ActiveCfg = Release|Any CPU
		{6C25139C-7E70-45E1-B96F-7FF39F0EB203}.Release|Any CPU.Build.0 = Release|Any CPU
		{BAB3D3F8-6B08-4E9A-91E2-6CD7EDCA5DFA}.Debug|Any CPU.ActiveCfg = Debug|Any CPU
		{BAB3D3F8-6B08-4E9A-91E2-6CD7EDCA5DFA}.Debug|Any CPU.Build.0 = Debug|Any CPU
		{BAB3D3F8-6B08-4E9A-91E2-6CD7EDCA5DFA}.Release|Any CPU.ActiveCfg = Release|Any CPU
		{BAB3D3F8-6B08-4E9A-91E2-6CD7EDCA5DFA}.Release|Any CPU.Build.0 = Release|Any CPU
	EndGlobalSection
	GlobalSection(SolutionProperties) = preSolution
		HideSolutionNode = FALSE
	EndGlobalSection
EndGlobal
